// !$*UTF8*$!
{
	archiveVersion = 1;
	classes = {
	};
	objectVersion = 55;
	objects = {

/* Begin PBXBuildFile section */
		D9D57EF4445D2DA2CC55B279 /* Pods_RxDataSourceEx.framework in Frameworks */ = {isa = PBXBuildFile; fileRef = 7D795878EF8D05B4DA7FA851 /* Pods_RxDataSourceEx.framework */; };
		E91E74D32826484A0036C782 /* AppDelegate.swift in Sources */ = {isa = PBXBuildFile; fileRef = E91E74D22826484A0036C782 /* AppDelegate.swift */; };
		E91E74D52826484A0036C782 /* SceneDelegate.swift in Sources */ = {isa = PBXBuildFile; fileRef = E91E74D42826484A0036C782 /* SceneDelegate.swift */; };
		E91E74DC2826484C0036C782 /* Assets.xcassets in Resources */ = {isa = PBXBuildFile; fileRef = E91E74DB2826484C0036C782 /* Assets.xcassets */; };
		E91E74DF2826484C0036C782 /* LaunchScreen.storyboard in Resources */ = {isa = PBXBuildFile; fileRef = E91E74DD2826484C0036C782 /* LaunchScreen.storyboard */; };
		E91E74E92826495D0036C782 /* MainViewController.swift in Sources */ = {isa = PBXBuildFile; fileRef = E91E74E82826495D0036C782 /* MainViewController.swift */; };
		E9775A3128264DAF0076885C /* mainViewModel.swift in Sources */ = {isa = PBXBuildFile; fileRef = E9775A3028264DAF0076885C /* mainViewModel.swift */; };
		E9775A3528264E380076885C /* SectionOfMain.swift in Sources */ = {isa = PBXBuildFile; fileRef = E9775A3428264E380076885C /* SectionOfMain.swift */; };
		E9775A3728264F270076885C /* MainCellData.swift in Sources */ = {isa = PBXBuildFile; fileRef = E9775A3628264F270076885C /* MainCellData.swift */; };
		E9775A392826508A0076885C /* MainCell.swift in Sources */ = {isa = PBXBuildFile; fileRef = E9775A382826508A0076885C /* MainCell.swift */; };
		E9775A3B282650960076885C /* SubCell.swift in Sources */ = {isa = PBXBuildFile; fileRef = E9775A3A282650960076885C /* SubCell.swift */; };
/* End PBXBuildFile section */

/* Begin PBXFileReference section */
		7D795878EF8D05B4DA7FA851 /* Pods_RxDataSourceEx.framework */ = {isa = PBXFileReference; explicitFileType = wrapper.framework; includeInIndex = 0; path = Pods_RxDataSourceEx.framework; sourceTree = BUILT_PRODUCTS_DIR; };
		AC0E3C9045C1BA28005EB5AF /* Pods-RxDataSourceEx.release.xcconfig */ = {isa = PBXFileReference; includeInIndex = 1; lastKnownFileType = text.xcconfig; name = "Pods-RxDataSourceEx.release.xcconfig"; path = "Target Support Files/Pods-RxDataSourceEx/Pods-RxDataSourceEx.release.xcconfig"; sourceTree = "<group>"; };
		DE08C7D6F4076D23742FB3A1 /* Pods-RxDataSourceEx.debug.xcconfig */ = {isa = PBXFileReference; includeInIndex = 1; lastKnownFileType = text.xcconfig; name = "Pods-RxDataSourceEx.debug.xcconfig"; path = "Target Support Files/Pods-RxDataSourceEx/Pods-RxDataSourceEx.debug.xcconfig"; sourceTree = "<group>"; };
		E91E74CF2826484A0036C782 /* RxDataSourceEx.app */ = {isa = PBXFileReference; explicitFileType = wrapper.application; includeInIndex = 0; path = RxDataSourceEx.app; sourceTree = BUILT_PRODUCTS_DIR; };
		E91E74D22826484A0036C782 /* AppDelegate.swift */ = {isa = PBXFileReference; lastKnownFileType = sourcecode.swift; path = AppDelegate.swift; sourceTree = "<group>"; };
		E91E74D42826484A0036C782 /* SceneDelegate.swift */ = {isa = PBXFileReference; lastKnownFileType = sourcecode.swift; path = SceneDelegate.swift; sourceTree = "<group>"; };
		E91E74DB2826484C0036C782 /* Assets.xcassets */ = {isa = PBXFileReference; lastKnownFileType = folder.assetcatalog; path = Assets.xcassets; sourceTree = "<group>"; };
		E91E74DE2826484C0036C782 /* Base */ = {isa = PBXFileReference; lastKnownFileType = file.storyboard; name = Base; path = Base.lproj/LaunchScreen.storyboard; sourceTree = "<group>"; };
		E91E74E02826484C0036C782 /* Info.plist */ = {isa = PBXFileReference; lastKnownFileType = text.plist.xml; path = Info.plist; sourceTree = "<group>"; };
		E91E74E82826495D0036C782 /* MainViewController.swift */ = {isa = PBXFileReference; lastKnownFileType = sourcecode.swift; path = MainViewController.swift; sourceTree = "<group>"; };
		E9775A3028264DAF0076885C /* mainViewModel.swift */ = {isa = PBXFileReference; lastKnownFileType = sourcecode.swift; path = mainViewModel.swift; sourceTree = "<group>"; };
		E9775A3428264E380076885C /* SectionOfMain.swift */ = {isa = PBXFileReference; lastKnownFileType = sourcecode.swift; path = SectionOfMain.swift; sourceTree = "<group>"; };
		E9775A3628264F270076885C /* MainCellData.swift */ = {isa = PBXFileReference; lastKnownFileType = sourcecode.swift; path = MainCellData.swift; sourceTree = "<group>"; };
		E9775A382826508A0076885C /* MainCell.swift */ = {isa = PBXFileReference; lastKnownFileType = sourcecode.swift; path = MainCell.swift; sourceTree = "<group>"; };
		E9775A3A282650960076885C /* SubCell.swift */ = {isa = PBXFileReference; lastKnownFileType = sourcecode.swift; path = SubCell.swift; sourceTree = "<group>"; };
/* End PBXFileReference section */

/* Begin PBXFrameworksBuildPhase section */
		E91E74CC2826484A0036C782 /* Frameworks */ = {
			isa = PBXFrameworksBuildPhase;
			buildActionMask = 2147483647;
			files = (
				D9D57EF4445D2DA2CC55B279 /* Pods_RxDataSourceEx.framework in Frameworks */,
			);
			runOnlyForDeploymentPostprocessing = 0;
		};
/* End PBXFrameworksBuildPhase section */

/* Begin PBXGroup section */
		319DC345ADC7158185387D2E /* Frameworks */ = {
			isa = PBXGroup;
			children = (
				7D795878EF8D05B4DA7FA851 /* Pods_RxDataSourceEx.framework */,
			);
			name = Frameworks;
			sourceTree = "<group>";
		};
		C394FEF116B7FEA803D54A7C /* Pods */ = {
			isa = PBXGroup;
			children = (
				DE08C7D6F4076D23742FB3A1 /* Pods-RxDataSourceEx.debug.xcconfig */,
				AC0E3C9045C1BA28005EB5AF /* Pods-RxDataSourceEx.release.xcconfig */,
			);
			path = Pods;
			sourceTree = "<group>";
		};
		E91E74C62826484A0036C782 = {
			isa = PBXGroup;
			children = (
				E91E74D12826484A0036C782 /* RxDataSourceEx */,
				E91E74D02826484A0036C782 /* Products */,
				C394FEF116B7FEA803D54A7C /* Pods */,
				319DC345ADC7158185387D2E /* Frameworks */,
			);
			sourceTree = "<group>";
		};
		E91E74D02826484A0036C782 /* Products */ = {
			isa = PBXGroup;
			children = (
				E91E74CF2826484A0036C782 /* RxDataSourceEx.app */,
			);
			name = Products;
			sourceTree = "<group>";
		};
		E91E74D12826484A0036C782 /* RxDataSourceEx */ = {
			isa = PBXGroup;
			children = (
				E91E74EA28264A070036C782 /* main */,
				E91E74E7282648870036C782 /* appDelegate */,
				E91E74E6282648750036C782 /* resources */,
			);
			path = RxDataSourceEx;
			sourceTree = "<group>";
		};
		E91E74E6282648750036C782 /* resources */ = {
			isa = PBXGroup;
			children = (
				E91E74DB2826484C0036C782 /* Assets.xcassets */,
				E91E74DD2826484C0036C782 /* LaunchScreen.storyboard */,
				E91E74E02826484C0036C782 /* Info.plist */,
			);
			path = resources;
			sourceTree = "<group>";
		};
		E91E74E7282648870036C782 /* appDelegate */ = {
			isa = PBXGroup;
			children = (
				E91E74D22826484A0036C782 /* AppDelegate.swift */,
				E91E74D42826484A0036C782 /* SceneDelegate.swift */,
			);
			path = appDelegate;
			sourceTree = "<group>";
		};
		E91E74EA28264A070036C782 /* main */ = {
			isa = PBXGroup;
			children = (
				E91E74EB28264A130036C782 /* viewContoller */,
				E91E74ED28264A550036C782 /* view */,
				E91E74EC28264A420036C782 /* viewModel */,
			);
			path = main;
			sourceTree = "<group>";
		};
		E91E74EB28264A130036C782 /* viewContoller */ = {
			isa = PBXGroup;
			children = (
				E91E74E82826495D0036C782 /* MainViewController.swift */,
			);
			path = viewContoller;
			sourceTree = "<group>";
		};
		E91E74EC28264A420036C782 /* viewModel */ = {
			isa = PBXGroup;
			children = (
				E9775A3028264DAF0076885C /* mainViewModel.swift */,
			);
			path = viewModel;
			sourceTree = "<group>";
		};
		E91E74ED28264A550036C782 /* view */ = {
			isa = PBXGroup;
			children = (
				E9775A3428264E380076885C /* SectionOfMain.swift */,
				E9775A3628264F270076885C /* MainCellData.swift */,
				E9775A382826508A0076885C /* MainCell.swift */,
				E9775A3A282650960076885C /* SubCell.swift */,
			);
			path = view;
			sourceTree = "<group>";
		};
/* End PBXGroup section */

/* Begin PBXNativeTarget section */
		E91E74CE2826484A0036C782 /* RxDataSourceEx */ = {
			isa = PBXNativeTarget;
			buildConfigurationList = E91E74E32826484C0036C782 /* Build configuration list for PBXNativeTarget "RxDataSourceEx" */;
			buildPhases = (
				E6722A71C55780A7C5F90290 /* [CP] Check Pods Manifest.lock */,
				E91E74CB2826484A0036C782 /* Sources */,
				E91E74CC2826484A0036C782 /* Frameworks */,
				E91E74CD2826484A0036C782 /* Resources */,
				F31D9068E6595D4B2C7752F8 /* [CP] Embed Pods Frameworks */,
			);
			buildRules = (
			);
			dependencies = (
			);
			name = RxDataSourceEx;
			productName = RxDataSourceEx;
			productReference = E91E74CF2826484A0036C782 /* RxDataSourceEx.app */;
			productType = "com.apple.product-type.application";
		};
/* End PBXNativeTarget section */

/* Begin PBXProject section */
		E91E74C72826484A0036C782 /* Project object */ = {
			isa = PBXProject;
			attributes = {
				BuildIndependentTargetsInParallel = 1;
				LastSwiftUpdateCheck = 1300;
				LastUpgradeCheck = 1300;
				TargetAttributes = {
					E91E74CE2826484A0036C782 = {
						CreatedOnToolsVersion = 13.0;
					};
				};
			};
			buildConfigurationList = E91E74CA2826484A0036C782 /* Build configuration list for PBXProject "RxDataSourceEx" */;
			compatibilityVersion = "Xcode 13.0";
			developmentRegion = en;
			hasScannedForEncodings = 0;
			knownRegions = (
				en,
				Base,
			);
			mainGroup = E91E74C62826484A0036C782;
			productRefGroup = E91E74D02826484A0036C782 /* Products */;
			projectDirPath = "";
			projectRoot = "";
			targets = (
				E91E74CE2826484A0036C782 /* RxDataSourceEx */,
			);
		};
/* End PBXProject section */

/* Begin PBXResourcesBuildPhase section */
		E91E74CD2826484A0036C782 /* Resources */ = {
			isa = PBXResourcesBuildPhase;
			buildActionMask = 2147483647;
			files = (
				E91E74DF2826484C0036C782 /* LaunchScreen.storyboard in Resources */,
				E91E74DC2826484C0036C782 /* Assets.xcassets in Resources */,
			);
			runOnlyForDeploymentPostprocessing = 0;
		};
/* End PBXResourcesBuildPhase section */

/* Begin PBXShellScriptBuildPhase section */
		E6722A71C55780A7C5F90290 /* [CP] Check Pods Manifest.lock */ = {
			isa = PBXShellScriptBuildPhase;
			buildActionMask = 2147483647;
			files = (
			);
			inputFileListPaths = (
			);
			inputPaths = (
				"${PODS_PODFILE_DIR_PATH}/Podfile.lock",
				"${PODS_ROOT}/Manifest.lock",
			);
			name = "[CP] Check Pods Manifest.lock";
			outputFileListPaths = (
			);
			outputPaths = (
				"$(DERIVED_FILE_DIR)/Pods-RxDataSourceEx-checkManifestLockResult.txt",
			);
			runOnlyForDeploymentPostprocessing = 0;
			shellPath = /bin/sh;
			shellScript = "diff \"${PODS_PODFILE_DIR_PATH}/Podfile.lock\" \"${PODS_ROOT}/Manifest.lock\" > /dev/null\nif [ $? != 0 ] ; then\n    # print error to STDERR\n    echo \"error: The sandbox is not in sync with the Podfile.lock. Run 'pod install' or update your CocoaPods installation.\" >&2\n    exit 1\nfi\n# This output is used by Xcode 'outputs' to avoid re-running this script phase.\necho \"SUCCESS\" > \"${SCRIPT_OUTPUT_FILE_0}\"\n";
			showEnvVarsInLog = 0;
		};
		F31D9068E6595D4B2C7752F8 /* [CP] Embed Pods Frameworks */ = {
			isa = PBXShellScriptBuildPhase;
			buildActionMask = 2147483647;
			files = (
			);
			inputFileListPaths = (
				"${PODS_ROOT}/Target Support Files/Pods-RxDataSourceEx/Pods-RxDataSourceEx-frameworks-${CONFIGURATION}-input-files.xcfilelist",
			);
			name = "[CP] Embed Pods Frameworks";
			outputFileListPaths = (
				"${PODS_ROOT}/Target Support Files/Pods-RxDataSourceEx/Pods-RxDataSourceEx-frameworks-${CONFIGURATION}-output-files.xcfilelist",
			);
			runOnlyForDeploymentPostprocessing = 0;
			shellPath = /bin/sh;
			shellScript = "\"${PODS_ROOT}/Target Support Files/Pods-RxDataSourceEx/Pods-RxDataSourceEx-frameworks.sh\"\n";
			showEnvVarsInLog = 0;
		};
/* End PBXShellScriptBuildPhase section */

/* Begin PBXSourcesBuildPhase section */
		E91E74CB2826484A0036C782 /* Sources */ = {
			isa = PBXSourcesBuildPhase;
			buildActionMask = 2147483647;
			files = (
				E9775A3728264F270076885C /* MainCellData.swift in Sources */,
				E91E74D32826484A0036C782 /* AppDelegate.swift in Sources */,
				E9775A3B282650960076885C /* SubCell.swift in Sources */,
				E9775A392826508A0076885C /* MainCell.swift in Sources */,
				E91E74D52826484A0036C782 /* SceneDelegate.swift in Sources */,
				E9775A3528264E380076885C /* SectionOfMain.swift in Sources */,
				E91E74E92826495D0036C782 /* MainViewController.swift in Sources */,
				E9775A3128264DAF0076885C /* mainViewModel.swift in Sources */,
			);
			runOnlyForDeploymentPostprocessing = 0;
		};
/* End PBXSourcesBuildPhase section */

/* Begin PBXVariantGroup section */
		E91E74DD2826484C0036C782 /* LaunchScreen.storyboard */ = {
			isa = PBXVariantGroup;
			children = (
				E91E74DE2826484C0036C782 /* Base */,
			);
			name = LaunchScreen.storyboard;
			sourceTree = "<group>";
		};
/* End PBXVariantGroup section */

/* Begin XCBuildConfiguration section */
		E91E74E12826484C0036C782 /* Debug */ = {
			isa = XCBuildConfiguration;
			buildSettings = {
				ALWAYS_SEARCH_USER_PATHS = NO;
				CLANG_ANALYZER_NONNULL = YES;
				CLANG_ANALYZER_NUMBER_OBJECT_CONVERSION = YES_AGGRESSIVE;
				CLANG_CXX_LANGUAGE_STANDARD = "gnu++17";
				CLANG_CXX_LIBRARY = "libc++";
				CLANG_ENABLE_MODULES = YES;
				CLANG_ENABLE_OBJC_ARC = YES;
				CLANG_ENABLE_OBJC_WEAK = YES;
				CLANG_WARN_BLOCK_CAPTURE_AUTORELEASING = YES;
				CLANG_WARN_BOOL_CONVERSION = YES;
				CLANG_WARN_COMMA = YES;
				CLANG_WARN_CONSTANT_CONVERSION = YES;
				CLANG_WARN_DEPRECATED_OBJC_IMPLEMENTATIONS = YES;
				CLANG_WARN_DIRECT_OBJC_ISA_USAGE = YES_ERROR;
				CLANG_WARN_DOCUMENTATION_COMMENTS = YES;
				CLANG_WARN_EMPTY_BODY = YES;
				CLANG_WARN_ENUM_CONVERSION = YES;
				CLANG_WARN_INFINITE_RECURSION = YES;
				CLANG_WARN_INT_CONVERSION = YES;
				CLANG_WARN_NON_LITERAL_NULL_CONVERSION = YES;
				CLANG_WARN_OBJC_IMPLICIT_RETAIN_SELF = YES;
				CLANG_WARN_OBJC_LITERAL_CONVERSION = YES;
				CLANG_WARN_OBJC_ROOT_CLASS = YES_ERROR;
				CLANG_WARN_QUOTED_INCLUDE_IN_FRAMEWORK_HEADER = YES;
				CLANG_WARN_RANGE_LOOP_ANALYSIS = YES;
				CLANG_WARN_STRICT_PROTOTYPES = YES;
				CLANG_WARN_SUSPICIOUS_MOVE = YES;
				CLANG_WARN_UNGUARDED_AVAILABILITY = YES_AGGRESSIVE;
				CLANG_WARN_UNREACHABLE_CODE = YES;
				CLANG_WARN__DUPLICATE_METHOD_MATCH = YES;
				COPY_PHASE_STRIP = NO;
				DEBUG_INFORMATION_FORMAT = dwarf;
				ENABLE_STRICT_OBJC_MSGSEND = YES;
				ENABLE_TESTABILITY = YES;
				GCC_C_LANGUAGE_STANDARD = gnu11;
				GCC_DYNAMIC_NO_PIC = NO;
				GCC_NO_COMMON_BLOCKS = YES;
				GCC_OPTIMIZATION_LEVEL = 0;
				GCC_PREPROCESSOR_DEFINITIONS = (
					"DEBUG=1",
					"$(inherited)",
				);
				GCC_WARN_64_TO_32_BIT_CONVERSION = YES;
				GCC_WARN_ABOUT_RETURN_TYPE = YES_ERROR;
				GCC_WARN_UNDECLARED_SELECTOR = YES;
				GCC_WARN_UNINITIALIZED_AUTOS = YES_AGGRESSIVE;
				GCC_WARN_UNUSED_FUNCTION = YES;
				GCC_WARN_UNUSED_VARIABLE = YES;
				IPHONEOS_DEPLOYMENT_TARGET = 15.0;
				MTL_ENABLE_DEBUG_INFO = INCLUDE_SOURCE;
				MTL_FAST_MATH = YES;
				ONLY_ACTIVE_ARCH = YES;
				SDKROOT = iphoneos;
				SWIFT_ACTIVE_COMPILATION_CONDITIONS = DEBUG;
				SWIFT_OPTIMIZATION_LEVEL = "-Onone";
			};
			name = Debug;
		};
		E91E74E22826484C0036C782 /* Release */ = {
			isa = XCBuildConfiguration;
			buildSettings = {
				ALWAYS_SEARCH_USER_PATHS = NO;
				CLANG_ANALYZER_NONNULL = YES;
				CLANG_ANALYZER_NUMBER_OBJECT_CONVERSION = YES_AGGRESSIVE;
				CLANG_CXX_LANGUAGE_STANDARD = "gnu++17";
				CLANG_CXX_LIBRARY = "libc++";
				CLANG_ENABLE_MODULES = YES;
				CLANG_ENABLE_OBJC_ARC = YES;
				CLANG_ENABLE_OBJC_WEAK = YES;
				CLANG_WARN_BLOCK_CAPTURE_AUTORELEASING = YES;
				CLANG_WARN_BOOL_CONVERSION = YES;
				CLANG_WARN_COMMA = YES;
				CLANG_WARN_CONSTANT_CONVERSION = YES;
				CLANG_WARN_DEPRECATED_OBJC_IMPLEMENTATIONS = YES;
				CLANG_WARN_DIRECT_OBJC_ISA_USAGE = YES_ERROR;
				CLANG_WARN_DOCUMENTATION_COMMENTS = YES;
				CLANG_WARN_EMPTY_BODY = YES;
				CLANG_WARN_ENUM_CONVERSION = YES;
				CLANG_WARN_INFINITE_RECURSION = YES;
				CLANG_WARN_INT_CONVERSION = YES;
				CLANG_WARN_NON_LITERAL_NULL_CONVERSION = YES;
				CLANG_WARN_OBJC_IMPLICIT_RETAIN_SELF = YES;
				CLANG_WARN_OBJC_LITERAL_CONVERSION = YES;
				CLANG_WARN_OBJC_ROOT_CLASS = YES_ERROR;
				CLANG_WARN_QUOTED_INCLUDE_IN_FRAMEWORK_HEADER = YES;
				CLANG_WARN_RANGE_LOOP_ANALYSIS = YES;
				CLANG_WARN_STRICT_PROTOTYPES = YES;
				CLANG_WARN_SUSPICIOUS_MOVE = YES;
				CLANG_WARN_UNGUARDED_AVAILABILITY = YES_AGGRESSIVE;
				CLANG_WARN_UNREACHABLE_CODE = YES;
				CLANG_WARN__DUPLICATE_METHOD_MATCH = YES;
				COPY_PHASE_STRIP = NO;
				DEBUG_INFORMATION_FORMAT = "dwarf-with-dsym";
				ENABLE_NS_ASSERTIONS = NO;
				ENABLE_STRICT_OBJC_MSGSEND = YES;
				GCC_C_LANGUAGE_STANDARD = gnu11;
				GCC_NO_COMMON_BLOCKS = YES;
				GCC_WARN_64_TO_32_BIT_CONVERSION = YES;
				GCC_WARN_ABOUT_RETURN_TYPE = YES_ERROR;
				GCC_WARN_UNDECLARED_SELECTOR = YES;
				GCC_WARN_UNINITIALIZED_AUTOS = YES_AGGRESSIVE;
				GCC_WARN_UNUSED_FUNCTION = YES;
				GCC_WARN_UNUSED_VARIABLE = YES;
				IPHONEOS_DEPLOYMENT_TARGET = 15.0;
				MTL_ENABLE_DEBUG_INFO = NO;
				MTL_FAST_MATH = YES;
				SDKROOT = iphoneos;
				SWIFT_COMPILATION_MODE = wholemodule;
				SWIFT_OPTIMIZATION_LEVEL = "-O";
				VALIDATE_PRODUCT = YES;
			};
			name = Release;
		};
		E91E74E42826484C0036C782 /* Debug */ = {
			isa = XCBuildConfiguration;
			baseConfigurationReference = DE08C7D6F4076D23742FB3A1 /* Pods-RxDataSourceEx.debug.xcconfig */;
			buildSettings = {
				ASSETCATALOG_COMPILER_APPICON_NAME = AppIcon;
				ASSETCATALOG_COMPILER_GLOBAL_ACCENT_COLOR_NAME = AccentColor;
				CODE_SIGN_STYLE = Automatic;
				CURRENT_PROJECT_VERSION = 1;
				DEVELOPMENT_TEAM = DRL89Y339X;
				GENERATE_INFOPLIST_FILE = YES;
				INFOPLIST_FILE = RxDataSourceEx/resources/Info.plist;
				INFOPLIST_KEY_UIApplicationSupportsIndirectInputEvents = YES;
				INFOPLIST_KEY_UILaunchStoryboardName = LaunchScreen;
				INFOPLIST_KEY_UISupportedInterfaceOrientations_iPad = "UIInterfaceOrientationPortrait UIInterfaceOrientationPortraitUpsideDown UIInterfaceOrientationLandscapeLeft UIInterfaceOrientationLandscapeRight";
				INFOPLIST_KEY_UISupportedInterfaceOrientations_iPhone = "UIInterfaceOrientationPortrait UIInterfaceOrientationLandscapeLeft UIInterfaceOrientationLandscapeRight";
				LD_RUNPATH_SEARCH_PATHS = (
					"$(inherited)",
					"@executable_path/Frameworks",
				);
				MARKETING_VERSION = 1.0;
				PRODUCT_BUNDLE_IDENTIFIER = com.swpark.RxDataSourceEx;
				PRODUCT_NAME = "$(TARGET_NAME)";
				SWIFT_EMIT_LOC_STRINGS = YES;
				SWIFT_VERSION = 5.0;
				TARGETED_DEVICE_FAMILY = "1,2";
			};
			name = Debug;
		};
		E91E74E52826484C0036C782 /* Release */ = {
			isa = XCBuildConfiguration;
			baseConfigurationReference = AC0E3C9045C1BA28005EB5AF /* Pods-RxDataSourceEx.release.xcconfig */;
			buildSettings = {
				ASSETCATALOG_COMPILER_APPICON_NAME = AppIcon;
				ASSETCATALOG_COMPILER_GLOBAL_ACCENT_COLOR_NAME = AccentColor;
				CODE_SIGN_STYLE = Automatic;
				CURRENT_PROJECT_VERSION = 1;
				DEVELOPMENT_TEAM = DRL89Y339X;
				GENERATE_INFOPLIST_FILE = YES;
				INFOPLIST_FILE = RxDataSourceEx/resources/Info.plist;
				INFOPLIST_KEY_UIApplicationSupportsIndirectInputEvents = YES;
				INFOPLIST_KEY_UILaunchStoryboardName = LaunchScreen;
				INFOPLIST_KEY_UISupportedInterfaceOrientations_iPad = "UIInterfaceOrientationPortrait UIInterfaceOrientationPortraitUpsideDown UIInterfaceOrientationLandscapeLeft UIInterfaceOrientationLandscapeRight";
				INFOPLIST_KEY_UISupportedInterfaceOrientations_iPhone = "UIInterfaceOrientationPortrait UIInterfaceOrientationLandscapeLeft UIInterfaceOrientationLandscapeRight";
				LD_RUNPATH_SEARCH_PATHS = (
					"$(inherited)",
					"@executable_path/Frameworks",
				);
				MARKETING_VERSION = 1.0;
				PRODUCT_BUNDLE_IDENTIFIER = com.swpark.RxDataSourceEx;
				PRODUCT_NAME = "$(TARGET_NAME)";
				SWIFT_EMIT_LOC_STRINGS = YES;
				SWIFT_VERSION = 5.0;
				TARGETED_DEVICE_FAMILY = "1,2";
			};
			name = Release;
		};
/* End XCBuildConfiguration section */

/* Begin XCConfigurationList section */
		E91E74CA2826484A0036C782 /* Build configuration list for PBXProject "RxDataSourceEx" */ = {
			isa = XCConfigurationList;
			buildConfigurations = (
				E91E74E12826484C0036C782 /* Debug */,
				E91E74E22826484C0036C782 /* Release */,
			);
			defaultConfigurationIsVisible = 0;
			defaultConfigurationName = Release;
		};
		E91E74E32826484C0036C782 /* Build configuration list for PBXNativeTarget "RxDataSourceEx" */ = {
			isa = XCConfigurationList;
			buildConfigurations = (
				E91E74E42826484C0036C782 /* Debug */,
				E91E74E52826484C0036C782 /* Release */,
			);
			defaultConfigurationIsVisible = 0;
			defaultConfigurationName = Release;
		};
/* End XCConfigurationList section */
	};
	rootObject = E91E74C72826484A0036C782 /* Project object */;
}
